
Microsoft Visual Studio Solution File, Format Version 12.00
# Visual Studio Version 17
VisualStudioVersion = 17.8.34511.84
MinimumVisualStudioVersion = 10.0.40219.1
Project("{FAE04EC0-301F-11D3-BF4B-00C04F79EFBC}") = "projectfilm", "projectfilm\projectfilm.csproj", "{3B699E78-F553-480E-A239-56DDE7971EDB}"
EndProject
Global
	GlobalSection(SolutionConfigurationPlatforms) = preSolution
		Debug|Any CPU = Debug|Any CPU
		Release|Any CPU = Release|Any CPU
	EndGlobalSection
	GlobalSection(ProjectConfigurationPlatforms) = postSolution
		{3B699E78-F553-480E-A239-56DDE7971EDB}.Debug|Any CPU.ActiveCfg = Debug|Any CPU
		{3B699E78-F553-480E-A239-56DDE7971EDB}.Debug|Any CPU.Build.0 = Debug|Any CPU
		{3B699E78-F553-480E-A239-56DDE7971EDB}.Release|Any CPU.ActiveCfg = Release|Any CPU
		{3B699E78-F553-480E-A239-56DDE7971EDB}.Release|Any CPU.Build.0 = Release|Any CPU
	EndGlobalSection
	GlobalSection(SolutionProperties) = preSolution
		HideSolutionNode = FALSE
	EndGlobalSection
	GlobalSection(ExtensibilityGlobals) = postSolution
		SolutionGuid = {A470AC80-7145-465D-9694-777EB90AB310}
	EndGlobalSection
EndGlobal
